
Microsoft Visual Studio Solution File, Format Version 12.00
# Visual Studio 2017
Project("{FAE04EC0-301F-11D3-BF4B-00C04F79EFBC}") = "Scaling and rotating", "Scaling and rotating.csproj", "{6ACDC892-2370-B1A6-1540-11E45AAEC390}"
EndProject
Project("{FAE04EC0-301F-11D3-BF4B-00C04F79EFBC}") = "Scaling and rotating.Editor", "Scaling and rotating.Editor.csproj", "{B7024516-E938-2452-E06B-F1F0C33662F1}"
EndProject
Global
	GlobalSection(SolutionConfigurationPlatforms) = preSolution
		Debug|Any CPU = Debug|Any CPU
		Release|Any CPU = Release|Any CPU
	EndGlobalSection
	GlobalSection(ProjectConfigurationPlatforms) = postSolution
		{6ACDC892-2370-B1A6-1540-11E45AAEC390}.Debug|Any CPU.ActiveCfg = Debug|Any CPU
		{6ACDC892-2370-B1A6-1540-11E45AAEC390}.Debug|Any CPU.Build.0 = Debug|Any CPU
		{6ACDC892-2370-B1A6-1540-11E45AAEC390}.Release|Any CPU.ActiveCfg = Release|Any CPU
		{6ACDC892-2370-B1A6-1540-11E45AAEC390}.Release|Any CPU.Build.0 = Release|Any CPU
		{B7024516-E938-2452-E06B-F1F0C33662F1}.Debug|Any CPU.ActiveCfg = Debug|Any CPU
		{B7024516-E938-2452-E06B-F1F0C33662F1}.Debug|Any CPU.Build.0 = Debug|Any CPU
		{B7024516-E938-2452-E06B-F1F0C33662F1}.Release|Any CPU.ActiveCfg = Release|Any CPU
		{B7024516-E938-2452-E06B-F1F0C33662F1}.Release|Any CPU.Build.0 = Release|Any CPU
	EndGlobalSection
	GlobalSection(SolutionProperties) = preSolution
		HideSolutionNode = FALSE
	EndGlobalSection
EndGlobal
