
Microsoft Visual Studio Solution File, Format Version 12.00
# Visual Studio 2017
Project("{FAE04EC0-301F-11D3-BF4B-00C04F79EFBC}") = "AR Project 1", "AR Project 1.csproj", "{D414FBEA-FFE0-4DEE-4C6D-D51A4D40C5AD}"
EndProject
Global
	GlobalSection(SolutionConfigurationPlatforms) = preSolution
		Debug|Any CPU = Debug|Any CPU
		Release|Any CPU = Release|Any CPU
	EndGlobalSection
	GlobalSection(ProjectConfigurationPlatforms) = postSolution
		{D414FBEA-FFE0-4DEE-4C6D-D51A4D40C5AD}.Debug|Any CPU.ActiveCfg = Debug|Any CPU
		{D414FBEA-FFE0-4DEE-4C6D-D51A4D40C5AD}.Debug|Any CPU.Build.0 = Debug|Any CPU
		{D414FBEA-FFE0-4DEE-4C6D-D51A4D40C5AD}.Release|Any CPU.ActiveCfg = Release|Any CPU
		{D414FBEA-FFE0-4DEE-4C6D-D51A4D40C5AD}.Release|Any CPU.Build.0 = Release|Any CPU
	EndGlobalSection
	GlobalSection(SolutionProperties) = preSolution
		HideSolutionNode = FALSE
	EndGlobalSection
EndGlobal
